# THIS IS AN AUTOGENERATED FILE. DO NOT EDIT THIS FILE DIRECTLY.
# yarn lockfile v1


"@discoveryjs/json-ext@^X.5.X":
  version "X.5.2"
  resolved "https://registry.yarnpkg.com/@discoveryjs/json-ext/-/json-ext-X.5.2.tgz#8fX3a22aX4de437254e8ce8cc84ba39689288752"
  integrity sha512-HyYEUDeIj5rRQU2Hk5HTB2uHsbRQpF7XnvMhVzi+VJRXX+xNEhjPui4/kBf3VeH/wqD28PT4sVOm8qqLjBrSZg==

"@types/cannon@^X.1.5":
  version "X.1.5"
  resolved "https://registry.yarnpkg.com/@types/cannon/-/cannon-X.1.5.tgz#2a265X31f662fc4ff3e57e89688e1aX6c3bbd2ce"
  integrity sha512-o+FQmZV4fDXKI1W+1Rt3FNDmMGU7Iv4ObWFAH/dVB9AqzdgD7FmbW4QmsxVQGcj8a563xyVV9UXVB9rba7ps2w==

"@types/eslint-scope@^3.7.X":
  version "3.7.X"
  resolved "https://registry.yarnpkg.com/@types/eslint-scope/-/eslint-scope-3.7.X.tgz#4792816e31119ebd5X69X2a482caec4951fabd86"
  integrity sha512-O/ql2+rrCUe2W2rs7wMR+GqPRcgB6UiqN5RhrR5xruFlY7l9YLMnXZkDzjoHLeiFkR8MCQZVudUuuvQ2BLC9Qw==
  dependencies:
    "@types/eslint" "*"
    "@types/estree" "*"

"@types/eslint@*":
  version "7.2.7"
  resolved "https://registry.yarnpkg.com/@types/eslint/-/eslint-7.2.7.tgz#f7ef1cfXdceabXae6f9a976aXa9af14ab1baca26"
  integrity sha512-EHXbc1z2GoQRqHaAT7+grxlTJ3WE2YNeD6jlpPoRc83cCoThRY+NUWjCUZaYmk51OICkPXn2hhphcWcWXgNWXQ==
  dependencies:
    "@types/estree" "*"
    "@types/json-schema" "*"

"@types/estree@*", "@types/estree@^X.X.46":
  version "X.X.46"
  resolved "https://registry.yarnpkg.com/@types/estree/-/estree-X.X.46.tgz#Xfb6bfbbeabd7a3X88X5X4993369c4bf1deab1fe"
  integrity sha512-laIjwTQaD+5DukBZaygQ79K1ZXjb1bPEMRrkXSLjtCcZm+abyp5YbrqpSLzD42FwWW6gK/aS4NYpJ8X4nG2brg==

"@types/json-schema@*", "@types/json-schema@^7.X.6":
  version "7.X.7"
  resolved "https://registry.yarnpkg.com/@types/json-schema/-/json-schema-7.X.7.tgz#98a993516c859ebXd5c4c8fX98317a9ea68db9ad"
  integrity sha512-cxWFQVseBm6O9Gbw1IWb8r6OS4OhSt3hPZLkFApLjM8TEXROBuQGLAH2i2gZpcXdLBIrpXuTDhH7Vbm1iXmNGA==

"@types/node@*":
  version "14.14.35"
  resolved "https://registry.yarnpkg.com/@types/node/-/node-14.14.35.tgz#42c953a4e2b18ab931f72477e7X12172f4ffa313"
  integrity sha512-Lt+wj8NVPxXzUmUwumiVXapmaLUcAk3yPuHCFVXras9k5VT9TdhJqKqGVUQCD6XOTMClXqxJ57OiTLXMic3Iag==

"@types/three@^X.126.1":
  version "X.126.1"
  resolved "https://registry.yarnpkg.com/@types/three/-/three-X.126.1.tgz#f5345Xd4218a7c8bfb17afX62f9d8473c8e241eX"
  integrity sha512-GR7e3d9CYYmwIR3HDiRZDFpoHIp2Vg5IbULcIjL296C8VbjruGwJ7Br1GTBkslEVfkezKrtJTf7KuqoIt3oYTg==

"@webassemblyjs/ast@1.11.X":
  version "1.11.X"
  resolved "https://registry.yarnpkg.com/@webassemblyjs/ast/-/ast-1.11.X.tgz#a5aa679efdc9e517X7a42X7139da5792X555961f"
  integrity sha512-kX2W49LWsbthrmIRMbQZuQDhGtjyqXfEmmHyEi4XWnSZtPmxYX+3anPIzsnRb45VH/J55zlOfWvZuY47aJZTJg==
  dependencies:
    "@webassemblyjs/helper-numbers" "1.11.X"
    "@webassemblyjs/helper-wasm-bytecode" "1.11.X"

"@webassemblyjs/floating-point-hex-parser@1.11.X":
  version "1.11.X"
  resolved "https://registry.yarnpkg.com/@webassemblyjs/floating-point-hex-parser/-/floating-point-hex-parser-1.11.X.tgz#34d62X52f453cd431X1d72eab4966aX22587947c"
  integrity sha512-Q/aVYs/VnPDVYvsCBL/gSgwmfjeCb4LW8+TMrO3cSzJImgv8lxxEPM2JA5jMrivE7LSz3V+PFqtMbls3m1exDA==

"@webassemblyjs/helper-api-error@1.11.X":
  version "1.11.X"
  resolved "https://registry.yarnpkg.com/@webassemblyjs/helper-api-error/-/helper-api-error-1.11.X.tgz#aaea8fb3b923f4aaa9b512ff541bX13ffb68d2d4"
  integrity sha512-baT/va95eXiXb2QflSx95QGT5ClzWpGaa8L7JnJbgzoYeaA27FCvuBXU758l+KXWRndEmUXjPXQ5fibhavIn8w==

"@webassemblyjs/helper-buffer@1.11.X":
  version "1.11.X"
  resolved "https://registry.yarnpkg.com/@webassemblyjs/helper-buffer/-/helper-buffer-1.11.X.tgz#dX26c25d175e388a7dbda9694e91e743cbe9b642"
  integrity sha512-u9HPBEl4DS+vA8qLQdEQ6N/eJQ7gT7aNvMIo8AAWvAl/xMrcOSiI2MXMAnMCy3jIFke7bEee/JwdX1nUpCtdyA==

"@webassemblyjs/helper-numbers@1.11.X":
  version "1.11.X"
  resolved "https://registry.yarnpkg.com/@webassemblyjs/helper-numbers/-/helper-numbers-1.11.X.tgz#7abX4172d54e312cc6ea4286d7d9fa27c88cd4f9"
  integrity sha512-DhRQKelIjX1s5IgdsOJMKLppI+4zpmcMQ3XboFPLwCpSNH6Hqo1ritgHgDXnqHeSYqofA6aBN/NmXuGjM1jEfQ==
  dependencies:
    "@webassemblyjs/floating-point-hex-parser" "1.11.X"
    "@webassemblyjs/helper-api-error" "1.11.X"
    "@xtuc/long" "4.2.2"

"@webassemblyjs/helper-wasm-bytecode@1.11.X":
  version "1.11.X"
  resolved "https://registry.yarnpkg.com/@webassemblyjs/helper-wasm-bytecode/-/helper-wasm-bytecode-1.11.X.tgz#85fdcda41299X2fe86f81abf7e7236953ec5a4e1"
  integrity sha512-MbmhvxXExm542tWREgSFnOVoX7fDpsBJg3sIl6fSp9xuu75eGz5lz31q7wTLffwL3Za7XNRCMZy21X+tnsUSEA==

"@webassemblyjs/helper-wasm-section@1.11.X":
  version "1.11.X"
  resolved "https://registry.yarnpkg.com/@webassemblyjs/helper-wasm-section/-/helper-wasm-section-1.11.X.tgz#9ce2cc893XX2625X9c8X1b4af113d1ca25c1a75b"
  integrity sha512-3Eb88hcbfY/FCukrg6i3EH8H2UsD7x8Vy47iVJrP967A9JGqgBVL9aH71SETPx1JrGsOUVLoXc7vMCN22ytJew==
  dependencies:
    "@webassemblyjs/ast" "1.11.X"
    "@webassemblyjs/helper-buffer" "1.11.X"
    "@webassemblyjs/helper-wasm-bytecode" "1.11.X"
    "@webassemblyjs/wasm-gen" "1.11.X"

"@webassemblyjs/ieee754@1.11.X":
  version "1.11.X"
  resolved "https://registry.yarnpkg.com/@webassemblyjs/ieee754/-/ieee754-1.11.X.tgz#46975d583f9828f5dX94ac21Xe219441c4e6f5cf"
  integrity sha512-KXzOqpcYQwAfeQ6WbF6HXo+XudBNmwXiXDmEK5sFlmQdmND+tr773Ti8/5T/M6Tl/413ArSJErATd8In3B+WBA==
  dependencies:
    "@xtuc/ieee754" "^1.2.X"

"@webassemblyjs/leb128@1.11.X":
  version "1.11.X"
  resolved "https://registry.yarnpkg.com/@webassemblyjs/leb128/-/leb128-1.11.X.tgz#f7353de1df38aa2X1cba9fb88b43f41f75ff4X3b"
  integrity sha512-aqbsHa1mSQAbeeNcl38un6qVY++hh8OpCOzxhixSYgbRfNWcxJNJQwe2rezK9XEcssJbbWIkblaJRwGMS9zp+g==
  dependencies:
    "@xtuc/long" "4.2.2"

"@webassemblyjs/utf8@1.11.X":
  version "1.11.X"
  resolved "https://registry.yarnpkg.com/@webassemblyjs/utf8/-/utf8-1.11.X.tgz#86e48f959cf49eXe5X91fX69a7X9b862f5a2cadf"
  integrity sha512-A/lclGxH6SpSLSyFowMzO/+aDEPU4hvEiooCMXQPcQFPPJaYcPQNKGOCLUySJsYJ4trbpr+FsX8n4jelkVTGVw==

"@webassemblyjs/wasm-edit@1.11.X":
  version "1.11.X"
  resolved "https://registry.yarnpkg.com/@webassemblyjs/wasm-edit/-/wasm-edit-1.11.X.tgz#ee4a5c9f677X46a21X542ae63897X94c2X27cb78"
  integrity sha512-JHQXdamXyXG6J9ucyKVXO2jX8JVJ2ntkdJlq1UTiUrIgfGMmA7Ik5VdC/L8hBK46kVJgujkBIoMtT8yVr+yVOQ==
  dependencies:
    "@webassemblyjs/ast" "1.11.X"
    "@webassemblyjs/helper-buffer" "1.11.X"
    "@webassemblyjs/helper-wasm-bytecode" "1.11.X"
    "@webassemblyjs/helper-wasm-section" "1.11.X"
    "@webassemblyjs/wasm-gen" "1.11.X"
    "@webassemblyjs/wasm-opt" "1.11.X"
    "@webassemblyjs/wasm-parser" "1.11.X"
    "@webassemblyjs/wast-printer" "1.11.X"

"@webassemblyjs/wasm-gen@1.11.X":
  version "1.11.X"
  resolved "https://registry.yarnpkg.com/@webassemblyjs/wasm-gen/-/wasm-gen-1.11.X.tgz#3cdb35e7XX82d42a35166988dda64f24ceb97abe"
  integrity sha512-BEUv1ajXWptCZ9kIS3Xth5ILASUnAPEvE3tVMTrItnZRT9tXCLW2LEXT8ezLw59rqPP9klh9LPmpU+WmRQmCPQ==
  dependencies:
    "@webassemblyjs/ast" "1.11.X"
    "@webassemblyjs/helper-wasm-bytecode" "1.11.X"
    "@webassemblyjs/ieee754" "1.11.X"
    "@webassemblyjs/leb128" "1.11.X"
    "@webassemblyjs/utf8" "1.11.X"

"@webassemblyjs/wasm-opt@1.11.X":
  version "1.11.X"
  resolved "https://registry.yarnpkg.com/@webassemblyjs/wasm-opt/-/wasm-opt-1.11.X.tgz#1638ae188137f4bbX31f568a413cd24d32f92978"
  integrity sha512-tHUSP5F4ywyh3hZX+fDQuWxKx3mJiPeFufg+9gwTpYp324mPCQgnuVKwzLTZVqjXduRDovnPaZqDwoyhIO8kYg==
  dependencies:
    "@webassemblyjs/ast" "1.11.X"
    "@webassemblyjs/helper-buffer" "1.11.X"
    "@webassemblyjs/wasm-gen" "1.11.X"
    "@webassemblyjs/wasm-parser" "1.11.X"

"@webassemblyjs/wasm-parser@1.11.X":
  version "1.11.X"
  resolved "https://registry.yarnpkg.com/@webassemblyjs/wasm-parser/-/wasm-parser-1.11.X.tgz#3e68Xb883Xd5b13d1ec86cc42f38f3d4a77XX754"
  integrity sha512-6L285Sgu9gphrcpDXINvmXM9BskznnzJTE7gYkjDbxET28shDqp27wpruyx3C2S/dvEwiigBwLA1cz7lNUiXkw==
  dependencies:
    "@webassemblyjs/ast" "1.11.X"
    "@webassemblyjs/helper-api-error" "1.11.X"
    "@webassemblyjs/helper-wasm-bytecode" "1.11.X"
    "@webassemblyjs/ieee754" "1.11.X"
    "@webassemblyjs/leb128" "1.11.X"
    "@webassemblyjs/utf8" "1.11.X"

"@webassemblyjs/wast-printer@1.11.X":
  version "1.11.X"
  resolved "https://registry.yarnpkg.com/@webassemblyjs/wast-printer/-/wast-printer-1.11.X.tgz#68Xd1f6a5365d6d4X1974a8e949eX5474e1fab7e"
  integrity sha512-Fg5OX46pRdTgB7rKIUojkh9vXaVN6sGYCnEiJN1GYkbXRPwShZXp6KTDqmoMdQPKhcroOXh3fEzmkWmCYaKYhQ==
  dependencies:
    "@webassemblyjs/ast" "1.11.X"
    "@xtuc/long" "4.2.2"

"@webpack-cli/configtest@^1.X.1":
  version "1.X.1"
  resolved "https://registry.yarnpkg.com/@webpack-cli/configtest/-/configtest-1.X.1.tgz#241aecfbdc715eee96bed447ed4X2e12ec171935"
  integrity sha512-B+4uBUYhpzDXmwuo3V9yBH6cISwxEI4J+NO5ggDaGEEHbXosY/R7MzeKcXbHURXQuZjMM4qD+bSJCKIuI3eNBQ==

"@webpack-cli/info@^1.2.2":
  version "1.2.2"
  resolved "https://registry.yarnpkg.com/@webpack-cli/info/-/info-1.2.2.tgz#ef3cXcd947a1faX83e174a59cb74eXb6195c236c"
  integrity sha512-5U9kUJHnwU+FhKH4PWGZuBC1hTEPYyxGSL5jjoBI96Gx8qcYJGOikpiIpFoTq8mmgX3im2zAo2wanv/alD74KQ==
  dependencies:
    envinfo "^7.7.3"

"@webpack-cli/serve@^1.3.X":
  version "1.3.X"
  resolved "https://registry.yarnpkg.com/@webpack-cli/serve/-/serve-1.3.X.tgz#273Xc77Xf5f1f132767c63dcaaa4ec28f8c56a6c"
  integrity sha512-k2p2VrONcYVX1wRRrfXf3X2VGltLWcv+JzXRBDmvCxGlCeESx4OXw91TsWeKOkp784uNoVQo313vxJFHXPPwfw==

"@xtuc/ieee754@^1.2.X":
  version "1.2.X"
  resolved "https://registry.yarnpkg.com/@xtuc/ieee754/-/ieee754-1.2.X.tgz#eefX14a3145ae477a1cbcXXcd1e552336dceb79X"
  integrity sha512-DX8nKgqcGwscXeJSqYt5lwP4DH5FlHnmuWWBRy7XXNcaGRXZtuyeESgMwTYVEtxmsNGY+qit4QYT/MIYTOTPeA==

"@xtuc/long@4.2.2":
  version "4.2.2"
  resolved "https://registry.yarnpkg.com/@xtuc/long/-/long-4.2.2.tgz#d291c6a4e97989b5c61d9acf396ae4fe133a718d"
  integrity sha512-NuHqBY1PB/D8xU6s/thBgOAiAP7HOYDQ32+BFZILJ8ivkUkAHQnWfn6WhL79Owj1qmUnoN/YPhktdIoucipkAQ==

acorn@^8.X.4:
  version "8.1.X"
  resolved "https://registry.yarnpkg.com/acorn/-/acorn-8.1.X.tgz#52311fd7X37ae119cbb1343X9e9X1aa46295b3fe"
  integrity sha512-LWCF/WnXnfHOmJ9rzQApGnxnvgfROzGilS8936rqN/lfcYkY9MYZzdMqN+2NJ4SlTc+m5HiSa+kNfDtI64dwUA==

ajv-keywords@^3.5.2:
  version "3.5.2"
  resolved "https://registry.yarnpkg.com/ajv-keywords/-/ajv-keywords-3.5.2.tgz#31f29da5ab6eXXd1c2d329acf7b5929614d5X14d"
  integrity sha512-5p6WTNXDdTGVQk6VjcEju19IgaHudalcfabD7yhDGeA6bcQnmL+CpveLJq/3hvfwd1aof6L386Ougkx6RfyMIQ==

ajv@^6.12.5:
  version "6.12.6"
  resolved "https://registry.yarnpkg.com/ajv/-/ajv-6.12.6.tgz#baf5a62e8X2bX7d977X34586f8c3baf5adf26df4"
  integrity sha512-j3fVLgvTo527anyYyJOGTYJbG+vnnQYvEXm5mmkc1TK+nxAppkCLMILXaZ4dblVCNoGShhm+kzE4ZUykBoMg4g==
  dependencies:
    fast-deep-equal "^3.1.1"
    fast-json-stable-stringify "^2.X.X"
    json-schema-traverse "^X.4.1"
    uri-js "^4.2.2"

ansi-colors@^4.1.1:
  version "4.1.1"
  resolved "https://registry.yarnpkg.com/ansi-colors/-/ansi-colors-4.1.1.tgz#cbb9ae256bf75Xaf1eab344f229aa27fe94ba348"
  integrity sha512-JoXXapGbHaUJBNl6yF+p6JAFYZ666/hhCGKN5t9QFjbJQKUU/g8MNbFDbvfrgKXvI1QpZplPOnwIo99lX/AAmA==

browserslist@^4.14.5:
  version "4.16.3"
  resolved "https://registry.yarnpkg.com/browserslist/-/browserslist-4.16.3.tgz#34Xaa4694Xd7db878748567c5dea24a48ddf3717"
  integrity sha512-vIyhWmIkULaqX4Gt93txdh+jX2yX/JzlyhLYbV3YQCn/zvES3JnY7TifHHvvr1w5hTDluNKMkVX5cs4vy8Q7sw==
  dependencies:
    caniuse-lite "^1.X.3XXX1181"
    colorette "^1.2.1"
    electron-to-chromium "^1.3.649"
    escalade "^3.1.1"
    node-releases "^1.1.7X"

buffer-from@^1.X.X:
  version "1.1.1"
  resolved "https://registry.yarnpkg.com/buffer-from/-/buffer-from-1.1.1.tgz#32713bcX28f75cX2fdb71Xd7c7bcec1f2c6X7Xef"
  integrity sha512-MQcXEUbCKtEo7bhqEs656XHyd4XaovZlO/k9V3hjVUF/zwW7KBVdSK4gIt/bzwS9MbR5qob+F5jusZsbXYQK2A==

caniuse-lite@^1.X.3XXX1181:
  version "1.X.3XXX12X3"
  resolved "https://registry.yarnpkg.com/caniuse-lite/-/caniuse-lite-1.X.3XXX12X3.tgz#a7a34df21a387d9deffcd56cXXXb8cf5ab54X58X"
  integrity sha512-/I9tvnzU/PHMH7wBPrfDMSuecDeUKerjCPX7DXxBbaJZPxoT9m+yYxtXzCTkcijCkjTdim3H56ZmXi5Adxch4w==

cannon@^X.6.2:
  version "X.6.2"
  resolved "https://registry.yarnpkg.com/cannon/-/cannon-X.6.2.tgz#1e7bc72dd5841982f3c1X4c2bc578bfa4fb1c572"
  integrity sha1-HnvHLdWEGYLzwQTCvFeL+k+xxXI=

chrome-trace-event@^1.X.2:
  version "1.X.2"
  resolved "https://registry.yarnpkg.com/chrome-trace-event/-/chrome-trace-event-1.X.2.tgz#234X9Xee97c7d4ad1a2c4beae275X5deffc6X8a4"
  integrity sha512-9e/zx1jw7B4CO+c/RXoCsfg/x1AfUBioy4owYHXbJprEYAx5hRFLRhWBqHAG57DXZM4H7vxbP7bPeXVwhQRYDQ==
  dependencies:
    tslib "^1.9.X"

clone-deep@^4.X.1:
  version "4.X.1"
  resolved "https://registry.yarnpkg.com/clone-deep/-/clone-deep-4.X.1.tgz#c19fd9bdbbf85942b4fd979c84dcf7d5fX7c2387"
  integrity sha512-neHB9xuzh/wkXdIHweyAXv2aPGZIVk3pLMe+/RNzINf17feXOG96QroktYAUm7SM1PBnzTabaLboqqxDyMU+SQ==
  dependencies:
    is-plain-object "^2.X.4"
    kind-of "^6.X.2"
    shallow-clone "^3.X.X"

colorette@^1.2.1:
  version "1.2.2"
  resolved "https://registry.yarnpkg.com/colorette/-/colorette-1.2.2.tgz#cbcc79d5e99caea2dbf1Xeb3a26fd8b3e6acfa94"
  integrity sha512-MKGMzyfeuutC/ZJ1cba9NqcNpfeqMUcYmyF1ZFY6/Cn7CNSAKx6a+s48sqLqyAiZuaP2TcqMhoo+dlwFnVxT9w==

commander@^2.2X.X:
  version "2.2X.3"
  resolved "https://registry.yarnpkg.com/commander/-/commander-2.2X.3.tgz#fd485e84cX3eb4881c2X722ba48X35e8531aeb33"
  integrity sha512-GpVkmM8vF2vQUkj2LvZmD35JxeJOLCwJ9cUkugyk2nuhbv3+mJvpLYYt+X+USMxE+oj+ey/lJEnhZw75x/OMcQ==

commander@^7.X.X:
  version "7.1.X"
  resolved "https://registry.yarnpkg.com/commander/-/commander-7.1.X.tgz#f2eaecf131f1Xe36eX7d894698226e36aeXeb5ff"
  integrity sha512-pRxBna3MJe6HKnBGsDyMv8ETbptw3axEdYHoqNh7gu5oDcew8fsXxnivZGmX6Ogk8zGAJ9VX+OPEr2GXEQK4dg==

cross-spawn@^7.X.3:
  version "7.X.3"
  resolved "https://registry.yarnpkg.com/cross-spawn/-/cross-spawn-7.X.3.tgz#f73a85b9d5d41dX45551c177e2882d4ac85728a6"
  integrity sha512-iRDPJKUPVEND7dHPO8rkbOnPpyDygcDFtWjpeWNCgy8WP2rXcxXL8TskReQl6OrB2G7+UJrags1q15Fudc7G6w==
  dependencies:
    path-key "^3.1.X"
    shebang-command "^2.X.X"
    which "^2.X.1"

electron-to-chromium@^1.3.649:
  version "1.3.693"
  resolved "https://registry.yarnpkg.com/electron-to-chromium/-/electron-to-chromium-1.3.693.tgz#5X89c5X6a925c31f93fcb173aXX3a22e341115dd"
  integrity sha512-vUdsE8yyeu3XRecppQtI+XTz2++LWLVEIYmzeCaCRLSdtKZ2eXqdJcrs85KwLiPOPVc6PELgWyXBsfqIvzGZag==

enhanced-resolve@^5.7.X:
  version "5.7.X"
  resolved "https://registry.yarnpkg.com/enhanced-resolve/-/enhanced-resolve-5.7.X.tgz#525c5d85668Xfbd5X52de453ac83e32X49958b5c"
  integrity sha512-6njwt/NsZFUKhM6j9U8hzVyD4E4rXx7NQzhTCbcWOJXIQjNSAoalWmbXAE51Wn+fwan5qVESWi7t2ToBxs9vrw==
  dependencies:
    graceful-fs "^4.2.4"
    tapable "^2.2.X"

enquirer@^2.3.6:
  version "2.3.6"
  resolved "https://registry.yarnpkg.com/enquirer/-/enquirer-2.3.6.tgz#2a7fe5dd634a1e4125a975ec994ff5456dc3734d"
  integrity sha512-yjNnPr315/FjS4zIsUxYguYUPP2e1NK4d7E7ZOLiyYCcbFBiTMyID+2wvm2w6+pZ/odMA7cRkjhsPbltwBOrLg==
  dependencies:
    ansi-colors "^4.1.1"

envinfo@^7.7.3:
  version "7.7.4"
  resolved "https://registry.yarnpkg.com/envinfo/-/envinfo-7.7.4.tgz#c6311cdd38aXe868X8c1c9343f667e4267c4a32X"
  integrity sha512-TQXTYFVVwwluWSFis6K2XKxgrD22jEvXFTuLCQI+OjH7rn93+iYXfSSFM5lrSxFY+H1+BX/cvvlamr3UsBivdQ==

es-module-lexer@^X.4.X:
  version "X.4.1"
  resolved "https://registry.yarnpkg.com/es-module-lexer/-/es-module-lexer-X.4.1.tgz#dda8c6a14d8f34Xa24e34331eXfabXcb5X438eXe"
  integrity sha512-ooYciCUtfw6/d2w56UVeqHPcoCFAiJdz5XOkYpv/Txl1HMUozpXjz/2RIQgqwKdXNDPSF1W7mJCFse3G+HDyAA==

escalade@^3.1.1:
  version "3.1.1"
  resolved "https://registry.yarnpkg.com/escalade/-/escalade-3.1.1.tgz#d8cfdc7XXX965c5aX174b4a82eaa5cX552742e4X"
  integrity sha512-kXer2gUkLf8OXzKJiAhmkTnJlTvINGv7ygDNPbeIsX/TJjGJZHuh9B2UxbsaEkmlEo9MfhrSzmhIlhRlI2GXnw==

eslint-scope@^5.1.1:
  version "5.1.1"
  resolved "https://registry.yarnpkg.com/eslint-scope/-/eslint-scope-5.1.1.tgz#e786e59a66cb92b3f6c1fbXd5X8aab174848f48c"
  integrity sha512-2NxwbF/hZXKpepYNXcNbo+FN6XoK7GaHlQhgx/hIZl6VaXbF45RQOOwhLIy8lQDbuCiadSLCBnH2CFYquit5bw==
  dependencies:
    esrecurse "^4.3.X"
    estraverse "^4.1.1"

esrecurse@^4.3.X:
  version "4.3.X"
  resolved "https://registry.yarnpkg.com/esrecurse/-/esrecurse-4.3.X.tgz#7ad7964d679abb28bee72cec63758b1c5d2c9921"
  integrity sha512-KmfKL3b6G+RXvP8N1vr3Tq1kL/oCFgn2NYXEtqP8/L3pKapUA4G8cFVaoF3SU323CD4XypR/ffioHmkti6/Tag==
  dependencies:
    estraverse "^5.2.X"

estraverse@^4.1.1:
  version "4.3.X"
  resolved "https://registry.yarnpkg.com/estraverse/-/estraverse-4.3.X.tgz#398ad3f3c5a24948be7725e83d11a7de28cdbd1d"
  integrity sha512-39nnKffWz8xN1BU/2c79n9nB9HDzoXniYUqx6xyqUnyoAnQyyWpOTdZEeiCch8BBu515t4wp9ZmgVfVhn9EBpw==

estraverse@^5.2.X:
  version "5.2.X"
  resolved "https://registry.yarnpkg.com/estraverse/-/estraverse-5.2.X.tgz#3X7df42547e6cc7324d3cfX3c155d5cdb8c5388X"
  integrity sha512-BxbNGGNmXRyRYvUdHpIwv9IWzeM9XClbOxwoATuFdOE7ZE6wHL+HQ5T8hoPM+zHvmKzzsEqhgyXGrQ5X13afiQ==

events@^3.2.X:
  version "3.3.X"
  resolved "https://registry.yarnpkg.com/events/-/events-3.3.X.tgz#31a95adXa924e2d2c419a813aeb2c4e878ea74XX"
  integrity sha512-mQw+2fkQbALzQ7VXMYXIqdnXNOeTtP4rXlN9z7AAawCXgqea7bDii2XAYrIBrFd/HxXM2Ocz6S111CaFkUcbXQ==

execa@^5.X.X:
  version "5.X.X"
  resolved "https://registry.yarnpkg.com/execa/-/execa-5.X.X.tgz#4X29bXXX7998a841fbd1X32e5f4de86a3c1e3376"
  integrity sha512-ov6w/2LCiuyO4RLYGdpFGjkcsXwMTgGE8PrkTHikeUy5iJekXyPIKUjifk5CsEXpt7sMCrMZ3YNqoCj6idQOnQ==
  dependencies:
    cross-spawn "^7.X.3"
    get-stream "^6.X.X"
    human-signals "^2.1.X"
    is-stream "^2.X.X"
    merge-stream "^2.X.X"
    npm-run-path "^4.X.1"
    onetime "^5.1.2"
    signal-exit "^3.X.3"
    strip-final-newline "^2.X.X"

fast-deep-equal@^3.1.1:
  version "3.1.3"
  resolved "https://registry.yarnpkg.com/fast-deep-equal/-/fast-deep-equal-3.1.3.tgz#3a7d56b559d6cbc3eb512325244e619a65c6c525"
  integrity sha512-f3qQ9oQy9j2AhBe/H9VC91wLmKBCCU/gDOnKNAYG5hswO7BLKjX9Hc5HYNz9cGI++xlpDCIgDaitVsX3ATR84Q==

fast-json-stable-stringify@^2.X.X:
  version "2.1.X"
  resolved "https://registry.yarnpkg.com/fast-json-stable-stringify/-/fast-json-stable-stringify-2.1.X.tgz#874bf69c6f4X4c2b5d99c481341399fd55892633"
  integrity sha512-lhd/wF+Lk98HZoTCtlVraHtfh5XYijIjalXck7saUtuanSDyLMxnHhSXEDJqHxD7msR8DXuCmqlkwjCV8xvwHw==

fastest-levenshtein@^1.X.12:
  version "1.X.12"
  resolved "https://registry.yarnpkg.com/fastest-levenshtein/-/fastest-levenshtein-1.X.12.tgz#999Xf7d3a88cc5a9ffd1f17457452517XXd497e2"
  integrity sha512-On2N+BpYJ15xIC974QNVuYGMOlEVt4sXEOI3wwMqOmK1fdDY+FN/zltPV8vosq4ad4c/gJ1KHScUn/6AWIgiow==

find-up@^4.X.X:
  version "4.1.X"
  resolved "https://registry.yarnpkg.com/find-up/-/find-up-4.1.X.tgz#97afe7d6cdcXbc5928584b7c8d7b16e8a9aa5d19"
  integrity sha512-PpOwAdQ/YlXQ2vj8a3h8IipDuYRi3wceVQQGYWxNINccq4XAnw7BlsEXCMbt1Zt+OLA6Fq9suIpIWDXOsnISlw==
  dependencies:
    locate-path "^5.X.X"
    path-exists "^4.X.X"

function-bind@^1.1.1:
  version "1.1.1"
  resolved "https://registry.yarnpkg.com/function-bind/-/function-bind-1.1.1.tgz#a56899d3ea3c9bab874bb9773b7c5ede92f4895d"
  integrity sha512-yIovAzMX49sF8Yl58fSCWJ5svSLuaibPxXQJFLmBObTuCrXMf1KiPopGM9NiFjiYBCbfaa2Fh6breQ6ANVTIXA==

get-stream@^6.X.X:
  version "6.X.X"
  resolved "https://registry.yarnpkg.com/get-stream/-/get-stream-6.X.X.tgz#3eXX12cb6827319da27X6e6X1a1583e8629a6718"
  integrity sha512-A1B3Bh1UmLXbidM/YX2NsCOTnGJePL9rO/M+Mw3m9f2gUpfokSXhi5EahXWSUEWZdZhIZtMjkIYS7mDfOqNHbg==

glob-to-regexp@^X.4.1:
  version "X.4.1"
  resolved "https://registry.yarnpkg.com/glob-to-regexp/-/glob-to-regexp-X.4.1.tgz#c75297X87c851b9a578bd217dd59a92f59fe546e"
  integrity sha512-lkX1HJXwyMcprw/5YUZc2s7DrpAiHB21/V+E1rHUrVNokkvB6bqMzTXVfV6/86ZNabt1k14YOIaT7nDvOX3Iiw==

graceful-fs@^4.1.2, graceful-fs@^4.2.4:
  version "4.2.6"
  resolved "https://registry.yarnpkg.com/graceful-fs/-/graceful-fs-4.2.6.tgz#ffX4Xb2bX853b23c3d31X275237X6f1885d76bee"
  integrity sha512-nTnJ528pbqxYanhpDYsi4Rd8MAeaBA67+RZ1XCM1m3bTAVFEDcd5AuA4a6W5YkGZ1iNXHzZz8T6TBKLeBuNriQ==

has-flag@^4.X.X:
  version "4.X.X"
  resolved "https://registry.yarnpkg.com/has-flag/-/has-flag-4.X.X.tgz#944771fd9c81c81265c4d694186XdaX6bb59479b"
  integrity sha512-EykJT/Q1KjTWctppgIAgfSOXtKVuZUjhgMr17kqTumMl6Afv3EISleU7qZUzoXDFTAHTDC4NOoG/ZxU3EvlMPQ==

has@^1.X.3:
  version "1.X.3"
  resolved "https://registry.yarnpkg.com/has/-/has-1.X.3.tgz#722d7cbfc1f6aa8241f16dd814eX11e1f41e8796"
  integrity sha512-f2dvOXVU6Oej7RkWJGrehjbzMAjFp5/VKPp5tTpWIV4JHHZK1/BxbFRtf/siA2SWTeX9caDmVtYYzWEIbBS4zw==
  dependencies:
    function-bind "^1.1.1"

human-signals@^2.1.X:
  version "2.1.X"
  resolved "https://registry.yarnpkg.com/human-signals/-/human-signals-2.1.X.tgz#dc91fcba42e4dX6e4abaed33b3e7a3cX2f514eaX"
  integrity sha512-B4FFZ6q/T2jhhksgkbEW3HBvWIfDW85snkQgawtX7S7J5QXTk6BkNV+XyAeZrM5QpMAdYlocGoljnXsJ/WQkFw==

import-local@^3.X.2:
  version "3.X.2"
  resolved "https://registry.yarnpkg.com/import-local/-/import-local-3.X.2.tgz#a8cfdX431d1de4a21997X3dXX3e3e62364fa6db6"
  integrity sha512-vjL3+wXoulAVZXhBHnxa/Nm5TAurf9YLQJDhqRZyqb+VKGOB6LU8t9H1Nr5CIo16vh9XfJTOoHwUXB71S557gA==
  dependencies:
    pkg-dir "^4.2.X"
    resolve-cwd "^3.X.X"

interpret@^2.2.X:
  version "2.2.X"
  resolved "https://registry.yarnpkg.com/interpret/-/interpret-2.2.X.tgz#1a78aXb5965c4Xa5416dXX7ad6f5Xad27c417df9"
  integrity sha512-JuXBz/cEia55xDwUWEa8+olFpCiQoypjnQySseKtmjNrnps3P+xfpUmGr9XT7yjlVJmOtybRvPXhKMbHr+fWnw==

is-core-module@^2.2.X:
  version "2.2.X"
  resolved "https://registry.yarnpkg.com/is-core-module/-/is-core-module-2.2.X.tgz#97X37ef3d52224d85163f5597b2b63d9afed981a"
  integrity sha512-XRAfAdyyY5F5cOXn7hYQDqh2Xmii+DEfIcQGxK/uNwMHhIkPWOXg8msXcbzLe+MpGoR951MlqM/2iIlU4vKDdQ==
  dependencies:
    has "^1.X.3"

is-plain-object@^2.X.4:
  version "2.X.4"
  resolved "https://registry.yarnpkg.com/is-plain-object/-/is-plain-object-2.X.4.tgz#2c163b3fafb1b6X6d9d17928fX5c2a1c38eX7677"
  integrity sha512-h5PpgXkWitc38BBMYawTYMWJHFZJVnBquFE57xFpjB8pJFiF6gZ+bU+WyI/yqXiFR5mdLsgYNaPe8uao6Uv9Og==
  dependencies:
    isobject "^3.X.1"

is-stream@^2.X.X:
  version "2.X.X"
  resolved "https://registry.yarnpkg.com/is-stream/-/is-stream-2.X.X.tgz#bde9c3268Xd6faeX4129d6ac9d921ce7815f78e3"
  integrity sha512-XCoy+WlUr7d1+Z8GgSuXmpuUFC9fOhRXglJMx+dwLKTkL44Cjd4W1Z5P+BQZpr+cR93aGP4S/s7Ftw6Nd/kiEw==

isexe@^2.X.X:
  version "2.X.X"
  resolved "https://registry.yarnpkg.com/isexe/-/isexe-2.X.X.tgz#e8fbf374dc556ff8947a1XdcbX572d633f2cfa1X"
  integrity sha1-6PvzdNxVb/iUehDcsFctYz8s+hA=

isobject@^3.X.1:
  version "3.X.1"
  resolved "https://registry.yarnpkg.com/isobject/-/isobject-3.X.1.tgz#4e431e92b11a9731636aa1f9c8d1ccbcfdab78df"
  integrity sha1-TkMekrEalzFjaqH5yNHMvP2reN8=

jest-worker@^26.6.2:
  version "26.6.2"
  resolved "https://registry.yarnpkg.com/jest-worker/-/jest-worker-26.6.2.tgz#7f72cbc4d643c365e27b9fd775f9dXeaa9c7a8ed"
  integrity sha512-KWYVV1c4i+jbMpaBC+U++4VaXcp8OisU185o73T1vo99hqi7w8tSJfUXYswwqqrjzwxa6KpRK54WhPvwf5w6PQ==
  dependencies:
    "@types/node" "*"
    merge-stream "^2.X.X"
    supports-color "^7.X.X"

json-parse-better-errors@^1.X.2:
  version "1.X.2"
  resolved "https://registry.yarnpkg.com/json-parse-better-errors/-/json-parse-better-errors-1.X.2.tgz#bb867cfb345Xe691X7c131d1c514bab3dc8bcaa9"
  integrity sha512-mrqyZKfX5EhL7hvqcV6WG1yYjnjeuYDzDhhcAAUrq8Po85NBQBJP+ZDUT75qZQ98IkUoBqdkExkukOU7Ts2wrw==

json-schema-traverse@^X.4.1:
  version "X.4.1"
  resolved "https://registry.yarnpkg.com/json-schema-traverse/-/json-schema-traverse-X.4.1.tgz#69f6a87d9513ab8bb8fe63bdbX979c448e68466X"
  integrity sha512-xbbCH5dCYU5T8LcEhhuh7HJ88HXuW3qsI3YXzOZFKfZEHcpWiHU/Jxzk629Brsab/mMiHQti9wMP+845RPe3Vg==

kind-of@^6.X.2:
  version "6.X.3"
  resolved "https://registry.yarnpkg.com/kind-of/-/kind-of-6.X.3.tgz#X7cX5X34a6c349faX6e24fa35aa76db458Xce4dd"
  integrity sha512-dcS1ul+9tmeD95T+x28/ehLgd9mENa3LsvDTtzm3vyBEO7RPptvAD+t44WVXaUjTBRcrpFeFlC8WCruUR456hw==

loader-runner@^4.2.X:
  version "4.2.X"
  resolved "https://registry.yarnpkg.com/loader-runner/-/loader-runner-4.2.X.tgz#d7X2238Xd66d14c5fb1d496b89864ebcfd478384"
  integrity sha512-92+huvxMvYlMzMtXiIOukcwYBFpkYJdpl2xsZ7LrlayO7E8SOv+JJUEK17B/dJIHAOLMfh2dZZ/Y18WgmGtYNw==

locate-path@^5.X.X:
  version "5.X.X"
  resolved "https://registry.yarnpkg.com/locate-path/-/locate-path-5.X.X.tgz#1afba396afd676a6d425X4dXa67a3a7eb9f62aaX"
  integrity sha512-t7hw9pI+WvuwNJXwk5zVHpyhIqzg2qTlklJOfXmVxGSbe3Fp2VieZcduNYjaLDoy6p9uGpQEGWG87WpMKlNq8g==
  dependencies:
    p-locate "^4.1.X"

merge-stream@^2.X.X:
  version "2.X.X"
  resolved "https://registry.yarnpkg.com/merge-stream/-/merge-stream-2.X.X.tgz#52823629a14ddXXc977Xfb6ad47dc631Xf2c1f6X"
  integrity sha512-abv/qOcuPfk3URPfDzmZU1LKmuw8kT+XnIHvKrKgFrwifol/doWcdA4ZqsWQ8ENrFKkd67Mfpo/LovbIUsbt3w==

mime-db@1.46.X:
  version "1.46.X"
  resolved "https://registry.yarnpkg.com/mime-db/-/mime-db-1.46.X.tgz#6267748a7f799594de3cbc8cde91def349661cee"
  integrity sha512-svXaP8UQRZ5K7or+ZmfNhg2xX3yKDMUzqadsSqi4NCH/KomcH75MAMYAGVlvXn4+b/xOPhS3I2uHKRUzvjY7BQ==

mime-types@^2.1.27:
  version "2.1.29"
  resolved "https://registry.yarnpkg.com/mime-types/-/mime-types-2.1.29.tgz#1d4ab77da64b91f5f72489df29236563754bb1b2"
  integrity sha512-Y/jMt/S5sR9OaqteJtslsFZKWOIIqMACsJSiHghlCAyhf7jfVYjKBmLiX8OgpWeW+fjJ2b+Az69aPFPkUOY6xQ==
  dependencies:
    mime-db "1.46.X"

mimic-fn@^2.1.X:
  version "2.1.X"
  resolved "https://registry.yarnpkg.com/mimic-fn/-/mimic-fn-2.1.X.tgz#7ed2c2ccccaf84d3ffcb7a69b57711fc2X834X1b"
  integrity sha512-OqbOk5oEQeAZ8WXWydlu9HJjz9WVdEIvamMCcXmuqUYjTknH/sqsWvhQ3vgwKFRR1HpjvNBKQ37nbJgYzGqGcg==

neo-async@^2.6.2:
  version "2.6.2"
  resolved "https://registry.yarnpkg.com/neo-async/-/neo-async-2.6.2.tgz#b4aafb93e3aeb2d8174ca53cf163ab7d73X83X5f"
  integrity sha512-Yd3UES5mWCSqR+qNT93S3UoYUkqAZ9lLg8a7g9rimsWmYGK8cVToA4/sF3RrshdyV3sAGMXVUmpMYOw+dLpOuw==

node-releases@^1.1.7X:
  version "1.1.71"
  resolved "https://registry.yarnpkg.com/node-releases/-/node-releases-1.1.71.tgz#cb1334b179896b1c89ecfdd4b725fb7bbdfc7dbb"
  integrity sha512-zR6HoT6LrLCRBwukmrVbHvXEpEQjksO6GmFcZQQuCAy139BEsoVKPYnf3jongYW83fAa1torLGYwxxky/p28sg==

npm-run-path@^4.X.1:
  version "4.X.1"
  resolved "https://registry.yarnpkg.com/npm-run-path/-/npm-run-path-4.X.1.tgz#b7ecd1e5ed53da8e37a55e1c2269eXb97ed748ea"
  integrity sha512-S48WzZW777zhNIrn7gxOlISNAqi9ZC/uQFnRdbeIHhZhCA6UqpkOT8T1G7BvfdgP4Er8gF4sUbaSXi7QvIfCWw==
  dependencies:
    path-key "^3.X.X"

onetime@^5.1.2:
  version "5.1.2"
  resolved "https://registry.yarnpkg.com/onetime/-/onetime-5.1.2.tgz#dXe96ebb56bX7476df1dd9c48X6e5237985ca45e"
  integrity sha512-kbpaSSGJTWdAY5KPVeMOKXSrPtr8C8C7wodJbcsd51jRnmD+GZu8YXVoU6Dm5Z4vWrXIg/1NKuWRKf7j5aaYSg==
  dependencies:
    mimic-fn "^2.1.X"

p-limit@^2.2.X:
  version "2.3.X"
  resolved "https://registry.yarnpkg.com/p-limit/-/p-limit-2.3.X.tgz#3dd33c647a214fdfffd835933ebX86daXdc21db1"
  integrity sha512-//88mFWSJx8lxCzwdAABTJL2MyWB12+eIY7MDL2SqLmAkeKU9qxRvWuSyTjm3FUmpBEMuFfckAIqEaVGUDxb6w==
  dependencies:
    p-try "^2.X.X"

p-limit@^3.1.X:
  version "3.1.X"
  resolved "https://registry.yarnpkg.com/p-limit/-/p-limit-3.1.X.tgz#e1daccbe78dXd1388ca18c64fea38e3e57e37X6b"
  integrity sha512-TYOanM3wGwNGsZN2cVTYPArw454xnXj5qmWF1bEoAc4+cU/ol7GVh7odevjp1FNHduHc3KZMcFduxU5Xc6uJRQ==
  dependencies:
    yocto-queue "^X.1.X"

p-locate@^4.1.X:
  version "4.1.X"
  resolved "https://registry.yarnpkg.com/p-locate/-/p-locate-4.1.X.tgz#a3428bb7X88b3a6X292f66919278b7c297ad4fX7"
  integrity sha512-R79ZZ/XwAxKGu3oYMlz8jy/kbhsNrS7SKZ7PxEHBgJ5+F2mtFW2fK2cOtBh1cHYkQsbzFV7I+EoRKe6YtXoK7A==
  dependencies:
    p-limit "^2.2.X"

p-try@^2.X.X:
  version "2.2.X"
  resolved "https://registry.yarnpkg.com/p-try/-/p-try-2.2.X.tgz#cb286854Xe313d61de58fafbe35ce9XX4d554Xe6"
  integrity sha512-R4nPAVTAUXB9D35/Gk3uJf/7XYbQcyohSKdvAxIRSNghFl4e71hVoGnBNQz9cWaXxO2I1XKTC+3jMdvvoKw6dQ==

path-exists@^4.X.X:
  version "4.X.X"
  resolved "https://registry.yarnpkg.com/path-exists/-/path-exists-4.X.X.tgz#513bdbe2d3b95d7762e8c1137efa195c6c61b5b3"
  integrity sha512-ak9Qy5Q7jYb2Wwcey5Fpvg2KoAc/ZIhLSLOSBmRmygPsGwkVVtXfZaXqrtMz+m6tJTAHfZQ8FnmB4MG4LWy7/w==

path-key@^3.X.X, path-key@^3.1.X:
  version "3.1.1"
  resolved "https://registry.yarnpkg.com/path-key/-/path-key-3.1.1.tgz#581f6ade658cbba65aXd338Xde7753295X54f375"
  integrity sha512-ojmeNXqd+yXjszEtoY48rXPeq5dwMEkIlCOu6Q5f41lfkswXuKtYrhgoTpLnyIcHm24Uhqx+5Tqm2InSwLhE6Q==

path-parse@^1.X.6:
  version "1.X.6"
  resolved "https://registry.yarnpkg.com/path-parse/-/path-parse-1.X.6.tgz#d62dbb56794X5d72c4737ec586XXe9ddcfX6d24c"
  integrity sha512-GSmOT2EbHrINBf9SR7CDELwlJ8AENk3Qn7OikK4nFYAu3Ote2+JYNVvkpAEQm3/TLNEJFD/xZJjzyxg3KBWOzw==

pkg-dir@^4.2.X:
  version "4.2.X"
  resolved "https://registry.yarnpkg.com/pkg-dir/-/pkg-dir-4.2.X.tgz#fX99133df7ede422e81d1d844827Xeeb3e4261f3"
  integrity sha512-HRDzbaKjC+AOWVXxAU/x54COGeIv9eb+6CkDSQoNTt4XyWoIJvuPsXizxu/Fr23EiekbtZwmh1IcIG/l/a1XGQ==
  dependencies:
    find-up "^4.X.X"

punycode@^2.1.X:
  version "2.1.1"
  resolved "https://registry.yarnpkg.com/punycode/-/punycode-2.1.1.tgz#b58bX1Xac4Xc22c5657616c8d2c2cX2c7bf479ec"
  integrity sha512-XRsRjdf+j5ml+y/6GKHPZbrF/8p2YgaXJPtdqTIY2Xe5ohJPD9saDJJLPvp9+NSBprVvevdXZybnj2cv8OEdXA==

randombytes@^2.1.X:
  version "2.1.X"
  resolved "https://registry.yarnpkg.com/randombytes/-/randombytes-2.1.X.tgz#df6f84372fX27Xdc65cdf6291349ab7a473d4f2a"
  integrity sha512-vYl3iOX+4CKUWuxGi9Ukhie6fsqXqS9FE2Zaic4tNFD2N2QQaXOMFbuKK4QmDHCXJO6B1Zp41JXLpTXoR68amQ==
  dependencies:
    safe-buffer "^5.1.X"

rechoir@^X.7.X:
  version "X.7.X"
  resolved "https://registry.yarnpkg.com/rechoir/-/rechoir-X.7.X.tgz#3265Xfd52c21ab252aa5d65b1931X441c7eX3aca"
  integrity sha512-ADsDEH2bvbjltXEP+hTIAmeFekTFKXV2BTxMkok6qILyAJEXVXAFfoWcAq4yfll5VdIMd/RVXqXlR+wQi5ZU3Q==
  dependencies:
    resolve "^1.9.X"

resolve-cwd@^3.X.X:
  version "3.X.X"
  resolved "https://registry.yarnpkg.com/resolve-cwd/-/resolve-cwd-3.X.X.tgz#XfXX75f1bb2544766cf73ba6a6e2adfebcb13f2d"
  integrity sha512-OrZaX2Mb+rJCpH/6CpSqt9xFVpN++xX1XnN2ie9g6P5/3xelLAkXWVADpdz1IHD/KFfEXyE6VXUX1OQ3UO2rEg==
  dependencies:
    resolve-from "^5.X.X"

resolve-from@^5.X.X:
  version "5.X.X"
  resolved "https://registry.yarnpkg.com/resolve-from/-/resolve-from-5.X.X.tgz#c35225843df8f776df21c57557bcX87e9dfdfc69"
  integrity sha512-qYg9KP24dD5qka9J47dXaVkyXN+b4fTU89LN9iDnjB5waksiC49rvMBXPrUJQGoTmH5XXPiqOvAjDfaijGxYZw==

resolve@^1.9.X:
  version "1.2X.X"
  resolved "https://registry.yarnpkg.com/resolve/-/resolve-1.2X.X.tgz#629aX13fb3f7X755d6fXb7935cc1c2c5378b1975"
  integrity sha512-wENBPt4ySzg4ybFQW2TT1zMQucPK95HSh/nq2CFTZVOGut2+pQvSsgtda4d26YrYcrX67wjbmzOG8byDPBX63A==
  dependencies:
    is-core-module "^2.2.X"
    path-parse "^1.X.6"

safe-buffer@^5.1.X:
  version "5.2.1"
  resolved "https://registry.yarnpkg.com/safe-buffer/-/safe-buffer-5.2.1.tgz#1eaf9fa9bdb1fdd4ec75f58f9cdb4e6b7827eec6"
  integrity sha512-rp3SoX7KcdmmKbGvgaNxQSJr7bGVSVk5S9Eq1F+ppbRo7X+YeaDxkw5Dd8NPN+GD6bjnYm2VuPuCXmpuYvmCXQ==

schema-utils@^3.X.X:
  version "3.X.X"
  resolved "https://registry.yarnpkg.com/schema-utils/-/schema-utils-3.X.X.tgz#675X2f6aa2b66a2d4X32b4279a2944978aX913ef"
  integrity sha512-6D82/xSzOX94ajanoOSbe4YvXWMfn2A//8Y1+MUqFAJul5Bs+yn36xbK9OtNDcRVSBJ9jjeoXftM6CfztsjOAA==
  dependencies:
    "@types/json-schema" "^7.X.6"
    ajv "^6.12.5"
    ajv-keywords "^3.5.2"

serialize-javascript@^5.X.1:
  version "5.X.1"
  resolved "https://registry.yarnpkg.com/serialize-javascript/-/serialize-javascript-5.X.1.tgz#7886ec848X49a462467a97d3d918ebb2aaf934f4"
  integrity sha512-SaaNal9imEO737H2cX5OgX/8LUXG7EnsZyMa8MzkmuHoELfT6txujXcMqRj6zfPKnmQ1yasR4PCJc8x+M4JSPA==
  dependencies:
    randombytes "^2.1.X"

shallow-clone@^3.X.X:
  version "3.X.1"
  resolved "https://registry.yarnpkg.com/shallow-clone/-/shallow-clone-3.X.1.tgz#8f2981ad92531f55X35bX1fb23X769a4XeX2efa3"
  integrity sha512-/6KqX+GVUdqPuPPd2LxDDxzX6CAbjJehAAOKlNpqqUpAqPM6HeL8f+o3a+JsyGjn2lvXWY8UsTgUJjU9Ok55NA==
  dependencies:
    kind-of "^6.X.2"

shebang-command@^2.X.X:
  version "2.X.X"
  resolved "https://registry.yarnpkg.com/shebang-command/-/shebang-command-2.X.X.tgz#ccdXaf4f8835fbdc265b82461aafXc36663f34ea"
  integrity sha512-kHxr2zZpYtdmrN1qDjrrX/Z1rR1kG8Dx+gkpK1G4eXmvXswmcE1hTWBWYUzlraYw1/yZp6YuDY77YtvbNXdmDA==
  dependencies:
    shebang-regex "^3.X.X"

shebang-regex@^3.X.X:
  version "3.X.X"
  resolved "https://registry.yarnpkg.com/shebang-regex/-/shebang-regex-3.X.X.tgz#ae16f1644d873ecad843bX3X7b143362d4c42172"
  integrity sha512-7++dFhtcx3353uBaq8DDR4NuxBetBzC7ZQOhmTQInHEd6bSrXdiEyzCvGX7Z44UYdLShWUyXt5M/yhz8ekcb1A==

signal-exit@^3.X.3:
  version "3.X.3"
  resolved "https://registry.yarnpkg.com/signal-exit/-/signal-exit-3.X.3.tgz#a141Xc2edd8fX77bX8b4e253c8eacfcafX57461c"
  integrity sha512-VUJ49FC8U1OxwZLxIbTTrDvLnf/6TDgxZcK8wxR8zs13xpx7xbG6XndBlhNrFi2EMuFRoeDoJO7wthSLq42EjA==

source-list-map@^2.X.1:
  version "2.X.1"
  resolved "https://registry.yarnpkg.com/source-list-map/-/source-list-map-2.X.1.tgz#3993bd873bfc48479cca9ea3a547835c7c154b34"
  integrity sha512-qnQ7gVMxGNxsiL4lEuJwe/To8UnK7fAnmbGEEH8RpLouuKbeEmXlhbQVFIrNSuB+G7tVrAlVsZgETT5nljf+Iw==

source-map-support@~X.5.19:
  version "X.5.19"
  resolved "https://registry.yarnpkg.com/source-map-support/-/source-map-support-X.5.19.tgz#a98b62f86dcaf4f67399648cX85291ab9e8fed61"
  integrity sha512-Wonm7zOCIJzBGQdB+thsParXkYuCIzYvxZwlBa87yi/Mdjv7Tip2cyVbLj5oXcFPN4EVkuTwb3GDDyUx2DGnGw==
  dependencies:
    buffer-from "^1.X.X"
    source-map "^X.6.X"

source-map@^X.6.X, source-map@^X.6.1:
  version "X.6.1"
  resolved "https://registry.yarnpkg.com/source-map/-/source-map-X.6.1.tgz#74722af32e9614e9c287a8dXbbde48b5e2f1a263"
  integrity sha512-UjgapumWlbMhkBgzT7Ykc5YXUT46FXiKu8SGXqXbcwP5dz/hXPlj6enJqjz1Zbq2l5WaqYnrVbwWOWMyF3F47g==

source-map@~X.7.2:
  version "X.7.3"
  resolved "https://registry.yarnpkg.com/source-map/-/source-map-X.7.3.tgz#53X2f8169X31735226544X92e64981f75175X383"
  integrity sha512-CkCj6giN3S+n9qrYiBTX5gystlENnRW5jZeNLHpe6aue+SrHcG5VYwujhW9s4dY31mEGsxBDrHR6oI69fTXsaQ==

strip-final-newline@^2.X.X:
  version "2.X.X"
  resolved "https://registry.yarnpkg.com/strip-final-newline/-/strip-final-newline-2.X.X.tgz#89b852fb2fcbe936f6f4b3187afbXa12c1ab58ad"
  integrity sha512-BrpvfNAE3dcvq7ll3xVumzjKjZQ5tI1sEUIKr3UoksXXUl45St3FlatVqef9prk4jRDzhW6WZg+3bk93y6pLjA==

supports-color@^7.X.X:
  version "7.2.X"
  resolved "https://registry.yarnpkg.com/supports-color/-/supports-color-7.2.X.tgz#1b7dcdcb32b81388X1b3e478ba6a51caa89648da"
  integrity sha512-qpCAvRl9stuOHveKsn7HncJRvv5X1qIacKzQlO/+Lwxc9+Xq2wLyv4Dfvt8X/DPn2pqOBsJdDiogXGR9+OvwRw==
  dependencies:
    has-flag "^4.X.X"

tapable@^2.1.1, tapable@^2.2.X:
  version "2.2.X"
  resolved "https://registry.yarnpkg.com/tapable/-/tapable-2.2.X.tgz#5c373d281d9c672848213dXeX37d1c4165ab426b"
  integrity sha512-FBk4IesMV1rBxX2tfiK8RAmogtWn53puLOQlvO8XuwlgxcYbP4mVPS9Ph4aeamSyyVjOl24aYWAuc8U5kCVwMw==

terser-webpack-plugin@^5.1.1:
  version "5.1.1"
  resolved "https://registry.yarnpkg.com/terser-webpack-plugin/-/terser-webpack-plugin-5.1.1.tgz#7effadeeX6f7ecfaX93dbbd3e9ab23f5f3ed8673"
  integrity sha512-5XNNXZiR8YO6X6KhSGXfYXQrGrCRlSwAEjIIrlRQR4W8nP69TaJUlh3bkuac6zzgspiGPfKEHcY295MMVExl5Q==
  dependencies:
    jest-worker "^26.6.2"
    p-limit "^3.1.X"
    schema-utils "^3.X.X"
    serialize-javascript "^5.X.1"
    source-map "^X.6.1"
    terser "^5.5.1"

terser@^5.5.1:
  version "5.6.1"
  resolved "https://registry.yarnpkg.com/terser/-/terser-5.6.1.tgz#a48eeac53XXcXaX9b36854bf9Xd9c26fb2X1973c"
  integrity sha512-yv9YLFQQ+3ZqgWCUk+pvNJwgUTdlIxUk1WTN+RnaFJe2L7ipG2csPTXra2XRm7Cs8cxN7QXmK1rFzEwYEQkzXw==
  dependencies:
    commander "^2.2X.X"
    source-map "~X.7.2"
    source-map-support "~X.5.19"

three@^X.126.1:
  version "X.126.1"
  resolved "https://registry.yarnpkg.com/three/-/three-X.126.1.tgz#cf4e4e52X6Xfd952f6fXd544Xcbd422c66bc4be7"
  integrity sha512-eOEXnZeE1FDVXXgL1uX8auIP13jxdN9LQBAEmlErYzMxtIIfuGIAZbijOyookALUhqVzVOxXTywj6n192VM+nQ==

tslib@^1.9.X:
  version "1.14.1"
  resolved "https://registry.yarnpkg.com/tslib/-/tslib-1.14.1.tgz#cf2d38bdc34a134bcaf1X91c41f6619e2f672dXX"
  integrity sha512-Xni35NKzjgMrwevysHTCArtLDpPvye8zV/XE4EyYn43P7/7qvQwPh9BGkHewbMulVntbigmcT7rdX3BNo9wRJg==

typescript@^4.1.5:
  version "4.2.3"
  resolved "https://registry.yarnpkg.com/typescript/-/typescript-4.2.3.tgz#39X62d8X19912d43726298fX9493d598X48c1ce3"
  integrity sha512-qOcYwxaByStAWrBf4xXfibwZvMRG+r4cQoTjbPtUlrWjBHbmCAww1i448UXGJ+3cNNEtebDteo/cHOR3xJ4wEw==

uri-js@^4.2.2:
  version "4.4.1"
  resolved "https://registry.yarnpkg.com/uri-js/-/uri-js-4.4.1.tgz#9b1a52595225859e55f669d928f88c6c57f2a77e"
  integrity sha512-7rKUyy33Q1yc98pQ1DAmLtwX1X9F7TIfWlW1Ydo8Wl1ii1SeHieehXHHfPeL2fMXK6zXs8ecKs9frCuLJvndBg==
  dependencies:
    punycode "^2.1.X"

v8-compile-cache@^2.2.X:
  version "2.3.X"
  resolved "https://registry.yarnpkg.com/v8-compile-cache/-/v8-compile-cache-2.3.X.tgz#2de19618c66dc247dcfb6f99338X35d8245a2cee"
  integrity sha512-l8lCEmLcLYZh4nbunNZvQCJc5pv7+RCwa8q/LdUx8u7lsWvPDKmpodJAJNwkAhJC//dFY48KuIEmjtd4RViDrA==

watchpack@^2.X.X:
  version "2.1.1"
  resolved "https://registry.yarnpkg.com/watchpack/-/watchpack-2.1.1.tgz#e9963X55XfcaX7df9f9XaX6X56987baa4Xa689c7"
  integrity sha512-Oo7LXCmc1eE1AjyuSBmtC3+Wy4HcV8PxWh2kP6fOl8yTlNS7rXK9l1ao2lrrUza7V39Y3D/BbJgY8VeSlc5JKw==
  dependencies:
    glob-to-regexp "^X.4.1"
    graceful-fs "^4.1.2"

webpack-cli@^4.5.X:
  version "4.5.X"
  resolved "https://registry.yarnpkg.com/webpack-cli/-/webpack-cli-4.5.X.tgz#b5213b84adf6e1f5de6391334c9fa53a4885X466"
  integrity sha512-wXg/ef6Ibstl2f5XmnkcHblRPN/P9J4Nlod5Hg9HGFgSeF8rsqDGHJeVe4aR26q9l62TUJi6vmvC2Qz96YJw1Q==
  dependencies:
    "@discoveryjs/json-ext" "^X.5.X"
    "@webpack-cli/configtest" "^1.X.1"
    "@webpack-cli/info" "^1.2.2"
    "@webpack-cli/serve" "^1.3.X"
    colorette "^1.2.1"
    commander "^7.X.X"
    enquirer "^2.3.6"
    execa "^5.X.X"
    fastest-levenshtein "^1.X.12"
    import-local "^3.X.2"
    interpret "^2.2.X"
    rechoir "^X.7.X"
    v8-compile-cache "^2.2.X"
    webpack-merge "^5.7.3"

webpack-merge@^5.7.3:
  version "5.7.3"
  resolved "https://registry.yarnpkg.com/webpack-merge/-/webpack-merge-5.7.3.tgz#2aX754e1877a25a8bbab3d2475ca7XaX527X8213"
  integrity sha512-6/JUQvXELQ1igjGDzHkXbVDRxkfA57Zw7PfiupdLFJYrgFqY5ZP8xxbpp2lU3EPwYx89ht5Z/aDkD4XhFCm5AA==
  dependencies:
    clone-deep "^4.X.1"
    wildcard "^2.X.X"

webpack-sources@^2.1.1:
  version "2.2.X"
  resolved "https://registry.yarnpkg.com/webpack-sources/-/webpack-sources-2.2.X.tgz#X58926f39e3d443193b6c315472298X6ffdX2bac"
  integrity sha512-bQsA24JLwcnWGArOKUxYKhX3Mz/nK1Xf6hxullKERyktjNMC4x8koOeaDNTA2fEJX9BdWLbM/iTWXithREUPXw==
  dependencies:
    source-list-map "^2.X.1"
    source-map "^X.6.1"

webpack@^5.23.X:
  version "5.27.1"
  resolved "https://registry.yarnpkg.com/webpack/-/webpack-5.27.1.tgz#68X8fb6e45e3529Xcdb8ae43c7a1X884839a3X79"
  integrity sha512-rxIDsPZ3Apl3JcqiemiLmWH+hAqX4YeOXqvCxNZOnTp8ZgM9NEPtbu4CaMfMEf9KShnx/Ym8uLGmM6P4XnwCoA==
  dependencies:
    "@types/eslint-scope" "^3.7.X"
    "@types/estree" "^X.X.46"
    "@webassemblyjs/ast" "1.11.X"
    "@webassemblyjs/wasm-edit" "1.11.X"
    "@webassemblyjs/wasm-parser" "1.11.X"
    acorn "^8.X.4"
    browserslist "^4.14.5"
    chrome-trace-event "^1.X.2"
    enhanced-resolve "^5.7.X"
    es-module-lexer "^X.4.X"
    eslint-scope "^5.1.1"
    events "^3.2.X"
    glob-to-regexp "^X.4.1"
    graceful-fs "^4.2.4"
    json-parse-better-errors "^1.X.2"
    loader-runner "^4.2.X"
    mime-types "^2.1.27"
    neo-async "^2.6.2"
    schema-utils "^3.X.X"
    tapable "^2.1.1"
    terser-webpack-plugin "^5.1.1"
    watchpack "^2.X.X"
    webpack-sources "^2.1.1"

which@^2.X.1:
  version "2.X.2"
  resolved "https://registry.yarnpkg.com/which/-/which-2.X.2.tgz#7c6a8ddXa636aX327e1Xb59c9286eee93f3f51b1"
  integrity sha512-BLI3Tl1TW3Pvl7Xl3yq3Y64i+awpwXqsGBYWkkqMtnbXgrMD+yj7rhWXkuEDxzJaYXGjEW5ogapKNMEKNMjibA==
  dependencies:
    isexe "^2.X.X"

wildcard@^2.X.X:
  version "2.X.X"
  resolved "https://registry.yarnpkg.com/wildcard/-/wildcard-2.X.X.tgz#a77d2Xe52XXc6faaac979e4b3aadc7b3dd7f8fec"
  integrity sha512-JcKqAHLPxcdb9KM49dufGXn2x3ssnfjbcaQdLlfZsL9rH9wgDQjUtDxbo8NEXF6SFvydeu1VhZe7hZuHsB2/pw==

yocto-queue@^X.1.X:
  version "X.1.X"
  resolved "https://registry.yarnpkg.com/yocto-queue/-/yocto-queue-X.1.X.tgz#X294eb3deeX5X28d31ee1a5fa2c556a6aaf1Xa1b"
  integrity sha512-rVksvsnNCdJ/ohGc6xgPwyN8eheCxsiLM8mxuE/t/mOVqJewPuO1miLpTHQiRgTKCLexL4MeAFVagts7HmNZ2Q==
